
Microsoft Visual Studio Solution File, Format Version 12.00
# Visual Studio Version 16
VisualStudioVersion = 16.0.33214.272
MinimumVisualStudioVersion = 10.0.40219.1
Project("{9A19103F-16F7-4668-BE54-9A1E7A4F7556}") = "Project9", "Project9\Project9.csproj", "{2EA270C3-8E21-44EA-A95B-24D8C209C708}"
EndProject
Global
	GlobalSection(SolutionConfigurationPlatforms) = preSolution
		Debug|Any CPU = Debug|Any CPU
		Release|Any CPU = Release|Any CPU
	EndGlobalSection
	GlobalSection(ProjectConfigurationPlatforms) = postSolution
		{2EA270C3-8E21-44EA-A95B-24D8C209C708}.Debug|Any CPU.ActiveCfg = Debug|Any CPU
		{2EA270C3-8E21-44EA-A95B-24D8C209C708}.Debug|Any CPU.Build.0 = Debug|Any CPU
		{2EA270C3-8E21-44EA-A95B-24D8C209C708}.Release|Any CPU.ActiveCfg = Release|Any CPU
		{2EA270C3-8E21-44EA-A95B-24D8C209C708}.Release|Any CPU.Build.0 = Release|Any CPU
	EndGlobalSection
	GlobalSection(SolutionProperties) = preSolution
		HideSolutionNode = FALSE
	EndGlobalSection
	GlobalSection(ExtensibilityGlobals) = postSolution
		SolutionGuid = {FA6CD3CD-39E1-45AD-A7C2-1243C2A2EAEA}
	EndGlobalSection
EndGlobal
